
Microsoft Visual Studio Solution File, Format Version 12.00
# Visual Studio 15
VisualStudioVersion = 15.0.28307.438
MinimumVisualStudioVersion = 10.0.40219.1
Project("{FAE04EC0-301F-11D3-BF4B-00C04F79EFBC}") = "BotTry2", "ConsoleApp7\BotTry2.csproj", "{1A30DDC6-E12D-4F13-97ED-8B7906ACAE3E}"
EndProject
Global
	GlobalSection(SolutionConfigurationPlatforms) = preSolution
		Debug|Any CPU = Debug|Any CPU
		Release|Any CPU = Release|Any CPU
	EndGlobalSection
	GlobalSection(ProjectConfigurationPlatforms) = postSolution
		{1A30DDC6-E12D-4F13-97ED-8B7906ACAE3E}.Debug|Any CPU.ActiveCfg = Debug|Any CPU
		{1A30DDC6-E12D-4F13-97ED-8B7906ACAE3E}.Debug|Any CPU.Build.0 = Debug|Any CPU
		{1A30DDC6-E12D-4F13-97ED-8B7906ACAE3E}.Release|Any CPU.ActiveCfg = Release|Any CPU
		{1A30DDC6-E12D-4F13-97ED-8B7906ACAE3E}.Release|Any CPU.Build.0 = Release|Any CPU
	EndGlobalSection
	GlobalSection(SolutionProperties) = preSolution
		HideSolutionNode = FALSE
	EndGlobalSection
	GlobalSection(ExtensibilityGlobals) = postSolution
		SolutionGuid = {E751368C-C3CD-4CA7-8D7E-7DD4B1FEEA23}
	EndGlobalSection
EndGlobal
